
Microsoft Visual Studio Solution File, Format Version 12.00
# Visual Studio Version 17
VisualStudioVersion = 17.7.34031.279
MinimumVisualStudioVersion = 10.0.40219.1
Project("{FAE04EC0-301F-11D3-BF4B-00C04F79EFBC}") = "SortedListExample", "SortedListExample\SortedListExample.csproj", "{C958A7D6-B5BF-49C9-9187-9C161464FF7A}"
EndProject
Global
	GlobalSection(SolutionConfigurationPlatforms) = preSolution
		Debug|Any CPU = Debug|Any CPU
		Release|Any CPU = Release|Any CPU
	EndGlobalSection
	GlobalSection(ProjectConfigurationPlatforms) = postSolution
		{C958A7D6-B5BF-49C9-9187-9C161464FF7A}.Debug|Any CPU.ActiveCfg = Debug|Any CPU
		{C958A7D6-B5BF-49C9-9187-9C161464FF7A}.Debug|Any CPU.Build.0 = Debug|Any CPU
		{C958A7D6-B5BF-49C9-9187-9C161464FF7A}.Release|Any CPU.ActiveCfg = Release|Any CPU
		{C958A7D6-B5BF-49C9-9187-9C161464FF7A}.Release|Any CPU.Build.0 = Release|Any CPU
	EndGlobalSection
	GlobalSection(SolutionProperties) = preSolution
		HideSolutionNode = FALSE
	EndGlobalSection
	GlobalSection(ExtensibilityGlobals) = postSolution
		SolutionGuid = {67308467-B3A6-49D1-AF40-94E8CD71E595}
	EndGlobalSection
EndGlobal
